{
	"name": "what-now",
	"version": "0.1.0",
	"lockfileVersion": 3,
	"requires": true,
	"packages": {
		"": {
			"name": "what-now",
			"version": "0.1.0",
			"dependencies": {
				"commander": "^11.0.0",
				"module-alias": "^2.2.2"
			},
			"bin": {
				"what-now": "bin/what-now"
			},
			"devDependencies": {
				"@biomejs/biome": "2.3.10",
				"@types/node": "^20.19.27",
				"lefthook": "^2.0.12",
				"typescript": "^5.3.0"
			}
		},
		"node_modules/@biomejs/biome": {
			"version": "2.3.10",
			"resolved": "https://parexelailabs-888577033709.d.codeartifact.eu-west-1.amazonaws.com/npm/package_registry/@biomejs/biome/-/biome-2.3.10.tgz",
			"integrity": "sha512-/uWSUd1MHX2fjqNLHNL6zLYWBbrJeG412/8H7ESuK8ewoRoMPUgHDebqKrPTx/5n6f17Xzqc9hdg3MEqA5hXnQ==",
			"dev": true,
			"license": "MIT OR Apache-2.0",
			"bin": {
				"biome": "bin/biome"
			},
			"engines": {
				"node": ">=14.21.3"
			},
			"funding": {
				"type": "opencollective",
				"url": "https://opencollective.com/biome"
			},
			"optionalDependencies": {
				"@biomejs/cli-darwin-arm64": "2.3.10",
				"@biomejs/cli-darwin-x64": "2.3.10",
				"@biomejs/cli-linux-arm64": "2.3.10",
				"@biomejs/cli-linux-arm64-musl": "2.3.10",
				"@biomejs/cli-linux-x64": "2.3.10",
				"@biomejs/cli-linux-x64-musl": "2.3.10",
				"@biomejs/cli-win32-arm64": "2.3.10",
				"@biomejs/cli-win32-x64": "2.3.10"
			}
		},
		"node_modules/@biomejs/cli-darwin-arm64": {
			"version": "2.3.10",
			"resolved": "https://parexelailabs-888577033709.d.codeartifact.eu-west-1.amazonaws.com/npm/package_registry/@biomejs/cli-darwin-arm64/-/cli-darwin-arm64-2.3.10.tgz",
			"integrity": "sha512-M6xUjtCVnNGFfK7HMNKa593nb7fwNm43fq1Mt71kpLpb+4mE7odO8W/oWVDyBVO4ackhresy1ZYO7OJcVo/B7w==",
			"cpu": [
				"arm64"
			],
			"dev": true,
			"license": "MIT OR Apache-2.0",
			"optional": true,
			"os": [
				"darwin"
			],
			"engines": {
				"node": ">=14.21.3"
			}
		},
		"node_modules/@biomejs/cli-darwin-x64": {
			"version": "2.3.10",
			"resolved": "https://parexelailabs-888577033709.d.codeartifact.eu-west-1.amazonaws.com/npm/package_registry/@biomejs/cli-darwin-x64/-/cli-darwin-x64-2.3.10.tgz",
			"integrity": "sha512-Vae7+V6t/Avr8tVbFNjnFSTKZogZHFYl7MMH62P/J1kZtr0tyRQ9Fe0onjqjS2Ek9lmNLmZc/VR5uSekh+p1fg==",
			"cpu": [
				"x64"
			],
			"dev": true,
			"license": "MIT OR Apache-2.0",
			"optional": true,
			"os": [
				"darwin"
			],
			"engines": {
				"node": ">=14.21.3"
			}
		},
		"node_modules/@biomejs/cli-linux-arm64": {
			"version": "2.3.10",
			"resolved": "https://parexelailabs-888577033709.d.codeartifact.eu-west-1.amazonaws.com/npm/package_registry/@biomejs/cli-linux-arm64/-/cli-linux-arm64-2.3.10.tgz",
			"integrity": "sha512-hhPw2V3/EpHKsileVOFynuWiKRgFEV48cLe0eA+G2wO4SzlwEhLEB9LhlSrVeu2mtSn205W283LkX7Fh48CaxA==",
			"cpu": [
				"arm64"
			],
			"dev": true,
			"license": "MIT OR Apache-2.0",
			"optional": true,
			"os": [
				"linux"
			],
			"engines": {
				"node": ">=14.21.3"
			}
		},
		"node_modules/@biomejs/cli-linux-arm64-musl": {
			"version": "2.3.10",
			"resolved": "https://parexelailabs-888577033709.d.codeartifact.eu-west-1.amazonaws.com/npm/package_registry/@biomejs/cli-linux-arm64-musl/-/cli-linux-arm64-musl-2.3.10.tgz",
			"integrity": "sha512-B9DszIHkuKtOH2IFeeVkQmSMVUjss9KtHaNXquYYWCjH8IstNgXgx5B0aSBQNr6mn4RcKKRQZXn9Zu1rM3O0/A==",
			"cpu": [
				"arm64"
			],
			"dev": true,
			"license": "MIT OR Apache-2.0",
			"optional": true,
			"os": [
				"linux"
			],
			"engines": {
				"node": ">=14.21.3"
			}
		},
		"node_modules/@biomejs/cli-linux-x64": {
			"version": "2.3.10",
			"resolved": "https://parexelailabs-888577033709.d.codeartifact.eu-west-1.amazonaws.com/npm/package_registry/@biomejs/cli-linux-x64/-/cli-linux-x64-2.3.10.tgz",
			"integrity": "sha512-wwAkWD1MR95u+J4LkWP74/vGz+tRrIQvr8kfMMJY8KOQ8+HMVleREOcPYsQX82S7uueco60L58Wc6M1I9WA9Dw==",
			"cpu": [
				"x64"
			],
			"dev": true,
			"license": "MIT OR Apache-2.0",
			"optional": true,
			"os": [
				"linux"
			],
			"engines": {
				"node": ">=14.21.3"
			}
		},
		"node_modules/@biomejs/cli-linux-x64-musl": {
			"version": "2.3.10",
			"resolved": "https://parexelailabs-888577033709.d.codeartifact.eu-west-1.amazonaws.com/npm/package_registry/@biomejs/cli-linux-x64-musl/-/cli-linux-x64-musl-2.3.10.tgz",
			"integrity": "sha512-QTfHZQh62SDFdYc2nfmZFuTm5yYb4eO1zwfB+90YxUumRCR171tS1GoTX5OD0wrv4UsziMPmrePMtkTnNyYG3g==",
			"cpu": [
				"x64"
			],
			"dev": true,
			"license": "MIT OR Apache-2.0",
			"optional": true,
			"os": [
				"linux"
			],
			"engines": {
				"node": ">=14.21.3"
			}
		},
		"node_modules/@biomejs/cli-win32-arm64": {
			"version": "2.3.10",
			"resolved": "https://parexelailabs-888577033709.d.codeartifact.eu-west-1.amazonaws.com/npm/package_registry/@biomejs/cli-win32-arm64/-/cli-win32-arm64-2.3.10.tgz",
			"integrity": "sha512-o7lYc9n+CfRbHvkjPhm8s9FgbKdYZu5HCcGVMItLjz93EhgJ8AM44W+QckDqLA9MKDNFrR8nPbO4b73VC5kGGQ==",
			"cpu": [
				"arm64"
			],
			"dev": true,
			"license": "MIT OR Apache-2.0",
			"optional": true,
			"os": [
				"win32"
			],
			"engines": {
				"node": ">=14.21.3"
			}
		},
		"node_modules/@biomejs/cli-win32-x64": {
			"version": "2.3.10",
			"resolved": "https://parexelailabs-888577033709.d.codeartifact.eu-west-1.amazonaws.com/npm/package_registry/@biomejs/cli-win32-x64/-/cli-win32-x64-2.3.10.tgz",
			"integrity": "sha512-pHEFgq7dUEsKnqG9mx9bXihxGI49X+ar+UBrEIj3Wqj3UCZp1rNgV+OoyjFgcXsjCWpuEAF4VJdkZr3TrWdCbQ==",
			"cpu": [
				"x64"
			],
			"dev": true,
			"license": "MIT OR Apache-2.0",
			"optional": true,
			"os": [
				"win32"
			],
			"engines": {
				"node": ">=14.21.3"
			}
		},
		"node_modules/@types/node": {
			"version": "20.19.27",
			"resolved": "https://parexelailabs-888577033709.d.codeartifact.eu-west-1.amazonaws.com/npm/package_registry/@types/node/-/node-20.19.27.tgz",
			"integrity": "sha512-N2clP5pJhB2YnZJ3PIHFk5RkygRX5WO/5f0WC08tp0wd+sv0rsJk3MqWn3CbNmT2J505a5336jaQj4ph1AdMug==",
			"dev": true,
			"license": "MIT",
			"dependencies": {
				"undici-types": "~6.21.0"
			}
		},
		"node_modules/commander": {
			"version": "11.1.0",
			"resolved": "https://parexelailabs-888577033709.d.codeartifact.eu-west-1.amazonaws.com/npm/package_registry/commander/-/commander-11.1.0.tgz",
			"integrity": "sha512-yPVavfyCcRhmorC7rWlkHn15b4wDVgVmBA7kV4QVBsF7kv/9TKJAbAXVTxvTnwP8HHKjRCJDClKbciiYS7p0DQ==",
			"license": "MIT",
			"engines": {
				"node": ">=16"
			}
		},
		"node_modules/lefthook": {
			"version": "2.0.12",
			"resolved": "https://parexelailabs-888577033709.d.codeartifact.eu-west-1.amazonaws.com/npm/package_registry/lefthook/-/lefthook-2.0.12.tgz",
			"integrity": "sha512-I2FdA9cdnq1icwlNz4RADs7exuqe47q1N9+p2LmcP/WfchWh16mvTB82OAD7w7zK9GxblS9GpF7pASaOSl4c7A==",
			"dev": true,
			"hasInstallScript": true,
			"license": "MIT",
			"bin": {
				"lefthook": "bin/index.js"
			},
			"optionalDependencies": {
				"lefthook-darwin-arm64": "2.0.12",
				"lefthook-darwin-x64": "2.0.12",
				"lefthook-freebsd-arm64": "2.0.12",
				"lefthook-freebsd-x64": "2.0.12",
				"lefthook-linux-arm64": "2.0.12",
				"lefthook-linux-x64": "2.0.12",
				"lefthook-openbsd-arm64": "2.0.12",
				"lefthook-openbsd-x64": "2.0.12",
				"lefthook-windows-arm64": "2.0.12",
				"lefthook-windows-x64": "2.0.12"
			}
		},
		"node_modules/lefthook-darwin-arm64": {
			"version": "2.0.12",
			"resolved": "https://parexelailabs-888577033709.d.codeartifact.eu-west-1.amazonaws.com/npm/package_registry/lefthook-darwin-arm64/-/lefthook-darwin-arm64-2.0.12.tgz",
			"integrity": "sha512-tuBz1sNLien+nKKb8BDopKjS6EnbXU8rQzhMVBY+bnVfsTiYDfbBr4wo/IzA5TcwoTL/b5somCJhljEw6DvSyg==",
			"cpu": [
				"arm64"
			],
			"dev": true,
			"license": "MIT",
			"optional": true,
			"os": [
				"darwin"
			]
		},
		"node_modules/lefthook-darwin-x64": {
			"version": "2.0.12",
			"resolved": "https://parexelailabs-888577033709.d.codeartifact.eu-west-1.amazonaws.com/npm/package_registry/lefthook-darwin-x64/-/lefthook-darwin-x64-2.0.12.tgz",
			"integrity": "sha512-FnuUMPPRMJyTEPXg6PotSrFJ8qf8FDLhhD1zLh74D+9Cye5j9n3lcrCQEjXubPT8du/GZLxMBjjffRbcZ8eYDA==",
			"cpu": [
				"x64"
			],
			"dev": true,
			"license": "MIT",
			"optional": true,
			"os": [
				"darwin"
			]
		},
		"node_modules/lefthook-freebsd-arm64": {
			"version": "2.0.12",
			"resolved": "https://parexelailabs-888577033709.d.codeartifact.eu-west-1.amazonaws.com/npm/package_registry/lefthook-freebsd-arm64/-/lefthook-freebsd-arm64-2.0.12.tgz",
			"integrity": "sha512-DXElB0qR5e6a8cXkFNYakhwCieypbfh6Y4QG39pzMnLsG03g/nhe093o6owfiUZ4mUFyDM6+0xmy0steOooF2g==",
			"cpu": [
				"arm64"
			],
			"dev": true,
			"license": "MIT",
			"optional": true,
			"os": [
				"freebsd"
			]
		},
		"node_modules/lefthook-freebsd-x64": {
			"version": "2.0.12",
			"resolved": "https://parexelailabs-888577033709.d.codeartifact.eu-west-1.amazonaws.com/npm/package_registry/lefthook-freebsd-x64/-/lefthook-freebsd-x64-2.0.12.tgz",
			"integrity": "sha512-iJN1ZxFeaDi4Fi3b9jcW9wgyNl19LOv2NaVOaAi/tG6mlIn196cmSdXkOA3+943ZbqbdfV9I+bBcIKwneXDA3Q==",
			"cpu": [
				"x64"
			],
			"dev": true,
			"license": "MIT",
			"optional": true,
			"os": [
				"freebsd"
			]
		},
		"node_modules/lefthook-linux-arm64": {
			"version": "2.0.12",
			"resolved": "https://parexelailabs-888577033709.d.codeartifact.eu-west-1.amazonaws.com/npm/package_registry/lefthook-linux-arm64/-/lefthook-linux-arm64-2.0.12.tgz",
			"integrity": "sha512-byvmO4Iri6P0COwM8c3lGgeCV3Q0hh1XJpRfrcZDr4Wslq9O63t6J3T6i87oOtY+UjC9pXLl6xGk6hlUcHZ3BQ==",
			"cpu": [
				"arm64"
			],
			"dev": true,
			"license": "MIT",
			"optional": true,
			"os": [
				"linux"
			]
		},
		"node_modules/lefthook-linux-x64": {
			"version": "2.0.12",
			"resolved": "https://parexelailabs-888577033709.d.codeartifact.eu-west-1.amazonaws.com/npm/package_registry/lefthook-linux-x64/-/lefthook-linux-x64-2.0.12.tgz",
			"integrity": "sha512-KBaiinmf336rA+/dmYs7H7TTeAOByB0CyLA7k8IecTCuaiuKr6ez7ktSjht19poa5G+V0mts4GgEGcx6HViR0w==",
			"cpu": [
				"x64"
			],
			"dev": true,
			"license": "MIT",
			"optional": true,
			"os": [
				"linux"
			]
		},
		"node_modules/lefthook-openbsd-arm64": {
			"version": "2.0.12",
			"resolved": "https://parexelailabs-888577033709.d.codeartifact.eu-west-1.amazonaws.com/npm/package_registry/lefthook-openbsd-arm64/-/lefthook-openbsd-arm64-2.0.12.tgz",
			"integrity": "sha512-1QBMXX1UW5rtgC4TB52OKWB7Rz/kCBRB+bKKLT/gDD79aPzLgJANTitQQzgFNIWoa7aM9UvzvIAJzOo6FcFIbg==",
			"cpu": [
				"arm64"
			],
			"dev": true,
			"license": "MIT",
			"optional": true,
			"os": [
				"openbsd"
			]
		},
		"node_modules/lefthook-openbsd-x64": {
			"version": "2.0.12",
			"resolved": "https://parexelailabs-888577033709.d.codeartifact.eu-west-1.amazonaws.com/npm/package_registry/lefthook-openbsd-x64/-/lefthook-openbsd-x64-2.0.12.tgz",
			"integrity": "sha512-zPcvUzs65GexRA37UHmaZqWuEGSU/zpBaPIY98MybXzzcJfCIf+O0oUQe2riMllwYGvNW0B1y3NOYRziDNe/vA==",
			"cpu": [
				"x64"
			],
			"dev": true,
			"license": "MIT",
			"optional": true,
			"os": [
				"openbsd"
			]
		},
		"node_modules/lefthook-windows-arm64": {
			"version": "2.0.12",
			"resolved": "https://parexelailabs-888577033709.d.codeartifact.eu-west-1.amazonaws.com/npm/package_registry/lefthook-windows-arm64/-/lefthook-windows-arm64-2.0.12.tgz",
			"integrity": "sha512-kgwxguS2GssoHM4SMTp+ArD/Gjg9q5MinD6iI5vSFpuJygD13ZWiXQQfESMHq9y/v1XkD0BdHTJej49dx8P+Vw==",
			"cpu": [
				"arm64"
			],
			"dev": true,
			"license": "MIT",
			"optional": true,
			"os": [
				"win32"
			]
		},
		"node_modules/lefthook-windows-x64": {
			"version": "2.0.12",
			"resolved": "https://parexelailabs-888577033709.d.codeartifact.eu-west-1.amazonaws.com/npm/package_registry/lefthook-windows-x64/-/lefthook-windows-x64-2.0.12.tgz",
			"integrity": "sha512-Tf/VtSOtF3rBTc9dzRWROa+HuhqaiIV+Xp+1gzlx5+uCueLM0m87Rz6yd4IN5mL7TrDaNkiRXI3FvjCp0dUE4Q==",
			"cpu": [
				"x64"
			],
			"dev": true,
			"license": "MIT",
			"optional": true,
			"os": [
				"win32"
			]
		},
		"node_modules/module-alias": {
			"version": "2.2.3",
			"resolved": "https://parexelailabs-888577033709.d.codeartifact.eu-west-1.amazonaws.com/npm/package_registry/module-alias/-/module-alias-2.2.3.tgz",
			"integrity": "sha512-23g5BFj4zdQL/b6tor7Ji+QY4pEfNH784BMslY9Qb0UnJWRAt+lQGLYmRaM0KDBwIG23ffEBELhZDP2rhi9f/Q==",
			"license": "MIT"
		},
		"node_modules/typescript": {
			"version": "5.9.3",
			"resolved": "https://parexelailabs-888577033709.d.codeartifact.eu-west-1.amazonaws.com/npm/package_registry/typescript/-/typescript-5.9.3.tgz",
			"integrity": "sha512-jl1vZzPDinLr9eUt3J/t7V6FgNEw9QjvBPdysz9KfQDD41fQrC2Y4vKQdiaUpFT4bXlb1RHhLpp8wtm6M5TgSw==",
			"dev": true,
			"license": "Apache-2.0",
			"bin": {
				"tsc": "bin/tsc",
				"tsserver": "bin/tsserver"
			},
			"engines": {
				"node": ">=14.17"
			}
		},
		"node_modules/undici-types": {
			"version": "6.21.0",
			"resolved": "https://parexelailabs-888577033709.d.codeartifact.eu-west-1.amazonaws.com/npm/package_registry/undici-types/-/undici-types-6.21.0.tgz",
			"integrity": "sha512-iwDZqg0QAGrg9Rav5H4n0M64c3mkR59cJ6wQp+7C4nI0gsmExaedaYLNO44eT4AtBBwjbTiGPMlt2Md0T9H9JQ==",
			"dev": true,
			"license": "MIT"
		}
	}
}
